// !$*UTF8*$!
{
	archiveVersion = 1;
	classes = {
	};
	objectVersion = 46;
	objects = {

/* Begin PBXBuildFile section */
		3E747C6E1FA19032CD060825 /* Pods_TCPal.framework in Frameworks */ = {isa = PBXBuildFile; fileRef = A28C3E1A7B7B64267E6C6D14 /* Pods_TCPal.framework */; settings = {ATTRIBUTES = (Weak, ); }; };
		B1183B1B1B713A2700A21C4D /* FaceGameViewController.swift in Sources */ = {isa = PBXBuildFile; fileRef = B1183B1A1B713A2700A21C4D /* FaceGameViewController.swift */; };
		B1183B1D1B71480200A21C4D /* Person.swift in Sources */ = {isa = PBXBuildFile; fileRef = B1183B1C1B71480200A21C4D /* Person.swift */; };
		B1183B1F1B71580200A21C4D /* FaceGameView.swift in Sources */ = {isa = PBXBuildFile; fileRef = B1183B1E1B71580200A21C4D /* FaceGameView.swift */; };
		B1183B281B71666C00A21C4D /* FaceGameIntroViewController.swift in Sources */ = {isa = PBXBuildFile; fileRef = B1183B261B71666C00A21C4D /* FaceGameIntroViewController.swift */; };
		B1183B291B71666C00A21C4D /* FaceGameIntroViewController.xib in Resources */ = {isa = PBXBuildFile; fileRef = B1183B271B71666C00A21C4D /* FaceGameIntroViewController.xib */; };
		B1183B311B71884C00A21C4D /* ContactListViewController.swift in Sources */ = {isa = PBXBuildFile; fileRef = B1183B301B71884C00A21C4D /* ContactListViewController.swift */; };
		B1183B341B71892B00A21C4D /* TodayViewController.swift in Sources */ = {isa = PBXBuildFile; fileRef = B1183B331B71892B00A21C4D /* TodayViewController.swift */; };
		B1183B361B71988900A21C4D /* UtilityStagingGround.swift in Sources */ = {isa = PBXBuildFile; fileRef = B1183B351B71988900A21C4D /* UtilityStagingGround.swift */; };
		B13902071B680EE2000C87BC /* AppDelegate.swift in Sources */ = {isa = PBXBuildFile; fileRef = B13902061B680EE2000C87BC /* AppDelegate.swift */; };
		B13902101B680EE2000C87BC /* Assets.xcassets in Resources */ = {isa = PBXBuildFile; fileRef = B139020F1B680EE2000C87BC /* Assets.xcassets */; };
		B13902131B680EE2000C87BC /* LaunchScreen.storyboard in Resources */ = {isa = PBXBuildFile; fileRef = B13902111B680EE2000C87BC /* LaunchScreen.storyboard */; };
		B139021E1B680EE3000C87BC /* TCPalTests.swift in Sources */ = {isa = PBXBuildFile; fileRef = B139021D1B680EE3000C87BC /* TCPalTests.swift */; };
		B13902291B680EE3000C87BC /* TCPalUITests.swift in Sources */ = {isa = PBXBuildFile; fileRef = B13902281B680EE3000C87BC /* TCPalUITests.swift */; };
		B1428DAA1B6AE69700BE1B6D /* LoginViewController.swift in Sources */ = {isa = PBXBuildFile; fileRef = B1428DA91B6AE69700BE1B6D /* LoginViewController.swift */; };
		B15FBB4C1B72D116001CC68F /* tc-18.json in Resources */ = {isa = PBXBuildFile; fileRef = B15FBB4B1B72D116001CC68F /* tc-18.json */; };
		B15FBB4E1B72D1D2001CC68F /* tc-17.json in Resources */ = {isa = PBXBuildFile; fileRef = B15FBB4D1B72D1D2001CC68F /* tc-17.json */; };
		B15FBB501B72D1FE001CC68F /* tc-staff.json in Resources */ = {isa = PBXBuildFile; fileRef = B15FBB4F1B72D1FE001CC68F /* tc-staff.json */; };
		B15FBB521B72D446001CC68F /* ContactListView.swift in Sources */ = {isa = PBXBuildFile; fileRef = B15FBB511B72D446001CC68F /* ContactListView.swift */; };
		B15FBB541B72D5C1001CC68F /* ContactCell.swift in Sources */ = {isa = PBXBuildFile; fileRef = B15FBB531B72D5C1001CC68F /* ContactCell.swift */; };
		B173B7EF1B6AA3EB00EBE602 /* GoogleService-Info.plist in Resources */ = {isa = PBXBuildFile; fileRef = B173B7EE1B6AA3EB00EBE602 /* GoogleService-Info.plist */; };
		B19695851B7D07F1003288B0 /* ArchiveViewController.swift in Sources */ = {isa = PBXBuildFile; fileRef = B19695841B7D07F1003288B0 /* ArchiveViewController.swift */; };
		B1EA05211B7411B000868BC2 /* BingoBoardViewController.swift in Sources */ = {isa = PBXBuildFile; fileRef = B1EA05201B7411B000868BC2 /* BingoBoardViewController.swift */; };
		B1EA05241B74124700868BC2 /* BingoBoardView.swift in Sources */ = {isa = PBXBuildFile; fileRef = B1EA05231B74124700868BC2 /* BingoBoardView.swift */; };
		B1EA05261B7412A000868BC2 /* BingoSquareControl.swift in Sources */ = {isa = PBXBuildFile; fileRef = B1EA05251B7412A000868BC2 /* BingoSquareControl.swift */; };
		B1EA05291B74788D00868BC2 /* Track.swift in Sources */ = {isa = PBXBuildFile; fileRef = B1EA05281B74788D00868BC2 /* Track.swift */; };
		B1FA25F41B748F4E005131A8 /* BingoSquareView.swift in Sources */ = {isa = PBXBuildFile; fileRef = B1FA25F31B748F4E005131A8 /* BingoSquareView.swift */; };
/* End PBXBuildFile section */

/* Begin PBXContainerItemProxy section */
		B139021A1B680EE3000C87BC /* PBXContainerItemProxy */ = {
			isa = PBXContainerItemProxy;
			containerPortal = B13901FB1B680EE2000C87BC /* Project object */;
			proxyType = 1;
			remoteGlobalIDString = B13902021B680EE2000C87BC;
			remoteInfo = TCPal;
		};
		B13902251B680EE3000C87BC /* PBXContainerItemProxy */ = {
			isa = PBXContainerItemProxy;
			containerPortal = B13901FB1B680EE2000C87BC /* Project object */;
			proxyType = 1;
			remoteGlobalIDString = B13902021B680EE2000C87BC;
			remoteInfo = TCPal;
		};
/* End PBXContainerItemProxy section */

/* Begin PBXFileReference section */
		748609A04847644AFA539435 /* Pods-TCPal.debug.xcconfig */ = {isa = PBXFileReference; includeInIndex = 1; lastKnownFileType = text.xcconfig; name = "Pods-TCPal.debug.xcconfig"; path = "Pods/Target Support Files/Pods-TCPal/Pods-TCPal.debug.xcconfig"; sourceTree = "<group>"; };
		A28C3E1A7B7B64267E6C6D14 /* Pods_TCPal.framework */ = {isa = PBXFileReference; explicitFileType = wrapper.framework; includeInIndex = 0; path = Pods_TCPal.framework; sourceTree = BUILT_PRODUCTS_DIR; };
		B1183B1A1B713A2700A21C4D /* FaceGameViewController.swift */ = {isa = PBXFileReference; fileEncoding = 4; lastKnownFileType = sourcecode.swift; path = FaceGameViewController.swift; sourceTree = "<group>"; };
		B1183B1C1B71480200A21C4D /* Person.swift */ = {isa = PBXFileReference; fileEncoding = 4; lastKnownFileType = sourcecode.swift; path = Person.swift; sourceTree = "<group>"; };
		B1183B1E1B71580200A21C4D /* FaceGameView.swift */ = {isa = PBXFileReference; fileEncoding = 4; lastKnownFileType = sourcecode.swift; path = FaceGameView.swift; sourceTree = "<group>"; };
		B1183B261B71666C00A21C4D /* FaceGameIntroViewController.swift */ = {isa = PBXFileReference; fileEncoding = 4; lastKnownFileType = sourcecode.swift; path = FaceGameIntroViewController.swift; sourceTree = "<group>"; };
		B1183B271B71666C00A21C4D /* FaceGameIntroViewController.xib */ = {isa = PBXFileReference; fileEncoding = 4; lastKnownFileType = file.xib; path = FaceGameIntroViewController.xib; sourceTree = "<group>"; };
		B1183B301B71884C00A21C4D /* ContactListViewController.swift */ = {isa = PBXFileReference; fileEncoding = 4; lastKnownFileType = sourcecode.swift; path = ContactListViewController.swift; sourceTree = "<group>"; };
		B1183B331B71892B00A21C4D /* TodayViewController.swift */ = {isa = PBXFileReference; fileEncoding = 4; lastKnownFileType = sourcecode.swift; path = TodayViewController.swift; sourceTree = "<group>"; };
		B1183B351B71988900A21C4D /* UtilityStagingGround.swift */ = {isa = PBXFileReference; fileEncoding = 4; lastKnownFileType = sourcecode.swift; path = UtilityStagingGround.swift; sourceTree = "<group>"; };
		B13902031B680EE2000C87BC /* TCPal.app */ = {isa = PBXFileReference; explicitFileType = wrapper.application; includeInIndex = 0; path = TCPal.app; sourceTree = BUILT_PRODUCTS_DIR; };
		B13902061B680EE2000C87BC /* AppDelegate.swift */ = {isa = PBXFileReference; lastKnownFileType = sourcecode.swift; path = AppDelegate.swift; sourceTree = "<group>"; };
		B139020F1B680EE2000C87BC /* Assets.xcassets */ = {isa = PBXFileReference; lastKnownFileType = folder.assetcatalog; path = Assets.xcassets; sourceTree = "<group>"; };
		B13902121B680EE2000C87BC /* Base */ = {isa = PBXFileReference; lastKnownFileType = file.storyboard; name = Base; path = Base.lproj/LaunchScreen.storyboard; sourceTree = "<group>"; };
		B13902141B680EE2000C87BC /* Info.plist */ = {isa = PBXFileReference; lastKnownFileType = text.plist.xml; path = Info.plist; sourceTree = "<group>"; };
		B13902191B680EE3000C87BC /* TCPalTests.xctest */ = {isa = PBXFileReference; explicitFileType = wrapper.cfbundle; includeInIndex = 0; path = TCPalTests.xctest; sourceTree = BUILT_PRODUCTS_DIR; };
		B139021D1B680EE3000C87BC /* TCPalTests.swift */ = {isa = PBXFileReference; lastKnownFileType = sourcecode.swift; path = TCPalTests.swift; sourceTree = "<group>"; };
		B139021F1B680EE3000C87BC /* Info.plist */ = {isa = PBXFileReference; lastKnownFileType = text.plist.xml; path = Info.plist; sourceTree = "<group>"; };
		B13902241B680EE3000C87BC /* TCPalUITests.xctest */ = {isa = PBXFileReference; explicitFileType = wrapper.cfbundle; includeInIndex = 0; path = TCPalUITests.xctest; sourceTree = BUILT_PRODUCTS_DIR; };
		B13902281B680EE3000C87BC /* TCPalUITests.swift */ = {isa = PBXFileReference; lastKnownFileType = sourcecode.swift; path = TCPalUITests.swift; sourceTree = "<group>"; };
		B139022A1B680EE3000C87BC /* Info.plist */ = {isa = PBXFileReference; lastKnownFileType = text.plist.xml; path = Info.plist; sourceTree = "<group>"; };
		B1428DA91B6AE69700BE1B6D /* LoginViewController.swift */ = {isa = PBXFileReference; fileEncoding = 4; lastKnownFileType = sourcecode.swift; path = LoginViewController.swift; sourceTree = "<group>"; };
		B15FBB4B1B72D116001CC68F /* tc-18.json */ = {isa = PBXFileReference; fileEncoding = 4; lastKnownFileType = text.json; path = "tc-18.json"; sourceTree = "<group>"; };
		B15FBB4D1B72D1D2001CC68F /* tc-17.json */ = {isa = PBXFileReference; fileEncoding = 4; lastKnownFileType = text.json; path = "tc-17.json"; sourceTree = "<group>"; };
		B15FBB4F1B72D1FE001CC68F /* tc-staff.json */ = {isa = PBXFileReference; fileEncoding = 4; lastKnownFileType = text.json; path = "tc-staff.json"; sourceTree = "<group>"; };
		B15FBB511B72D446001CC68F /* ContactListView.swift */ = {isa = PBXFileReference; fileEncoding = 4; lastKnownFileType = sourcecode.swift; path = ContactListView.swift; sourceTree = "<group>"; };
		B15FBB531B72D5C1001CC68F /* ContactCell.swift */ = {isa = PBXFileReference; fileEncoding = 4; lastKnownFileType = sourcecode.swift; path = ContactCell.swift; sourceTree = "<group>"; };
		B173B7EE1B6AA3EB00EBE602 /* GoogleService-Info.plist */ = {isa = PBXFileReference; fileEncoding = 4; lastKnownFileType = text.plist.xml; path = "GoogleService-Info.plist"; sourceTree = "<group>"; };
		B173B7F01B6ABCD000EBE602 /* TCPal-Bridging-Header.h */ = {isa = PBXFileReference; lastKnownFileType = sourcecode.c.h; path = "TCPal-Bridging-Header.h"; sourceTree = "<group>"; };
		B19695841B7D07F1003288B0 /* ArchiveViewController.swift */ = {isa = PBXFileReference; fileEncoding = 4; lastKnownFileType = sourcecode.swift; path = ArchiveViewController.swift; sourceTree = "<group>"; };
		B1CC4DF468C3B7C9BC4DF0AE /* Pods-TCPal.release.xcconfig */ = {isa = PBXFileReference; includeInIndex = 1; lastKnownFileType = text.xcconfig; name = "Pods-TCPal.release.xcconfig"; path = "Pods/Target Support Files/Pods-TCPal/Pods-TCPal.release.xcconfig"; sourceTree = "<group>"; };
		B1EA05201B7411B000868BC2 /* BingoBoardViewController.swift */ = {isa = PBXFileReference; fileEncoding = 4; lastKnownFileType = sourcecode.swift; path = BingoBoardViewController.swift; sourceTree = "<group>"; };
		B1EA05231B74124700868BC2 /* BingoBoardView.swift */ = {isa = PBXFileReference; fileEncoding = 4; lastKnownFileType = sourcecode.swift; path = BingoBoardView.swift; sourceTree = "<group>"; };
		B1EA05251B7412A000868BC2 /* BingoSquareControl.swift */ = {isa = PBXFileReference; fileEncoding = 4; lastKnownFileType = sourcecode.swift; path = BingoSquareControl.swift; sourceTree = "<group>"; };
		B1EA05271B7417AD00868BC2 /* README.md */ = {isa = PBXFileReference; lastKnownFileType = net.daringfireball.markdown; path = README.md; sourceTree = "<group>"; };
		B1EA05281B74788D00868BC2 /* Track.swift */ = {isa = PBXFileReference; fileEncoding = 4; lastKnownFileType = sourcecode.swift; path = Track.swift; sourceTree = "<group>"; };
		B1FA25F31B748F4E005131A8 /* BingoSquareView.swift */ = {isa = PBXFileReference; fileEncoding = 4; lastKnownFileType = sourcecode.swift; path = BingoSquareView.swift; sourceTree = "<group>"; };
/* End PBXFileReference section */

/* Begin PBXFrameworksBuildPhase section */
		B13902001B680EE2000C87BC /* Frameworks */ = {
			isa = PBXFrameworksBuildPhase;
			buildActionMask = 2147483647;
			files = (
				3E747C6E1FA19032CD060825 /* Pods_TCPal.framework in Frameworks */,
			);
			runOnlyForDeploymentPostprocessing = 0;
		};
		B13902161B680EE3000C87BC /* Frameworks */ = {
			isa = PBXFrameworksBuildPhase;
			buildActionMask = 2147483647;
			files = (
			);
			runOnlyForDeploymentPostprocessing = 0;
		};
		B13902211B680EE3000C87BC /* Frameworks */ = {
			isa = PBXFrameworksBuildPhase;
			buildActionMask = 2147483647;
			files = (
			);
			runOnlyForDeploymentPostprocessing = 0;
		};
/* End PBXFrameworksBuildPhase section */

/* Begin PBXGroup section */
		7C036350B5CD90532E80FD71 /* Frameworks */ = {
			isa = PBXGroup;
			children = (
				A28C3E1A7B7B64267E6C6D14 /* Pods_TCPal.framework */,
			);
			name = Frameworks;
			sourceTree = "<group>";
		};
		A9F02CE6BF4DD0978D64E1A4 /* Pods */ = {
			isa = PBXGroup;
			children = (
				748609A04847644AFA539435 /* Pods-TCPal.debug.xcconfig */,
				B1CC4DF468C3B7C9BC4DF0AE /* Pods-TCPal.release.xcconfig */,
			);
			name = Pods;
			sourceTree = "<group>";
		};
		B10478411B75704800D6A032 /* Archive */ = {
			isa = PBXGroup;
			children = (
				B19695841B7D07F1003288B0 /* ArchiveViewController.swift */,
			);
			name = Archive;
			sourceTree = "<group>";
		};
		B1183B2E1B71881400A21C4D /* Face Game */ = {
			isa = PBXGroup;
			children = (
				B1183B261B71666C00A21C4D /* FaceGameIntroViewController.swift */,
				B1183B271B71666C00A21C4D /* FaceGameIntroViewController.xib */,
				B1183B1A1B713A2700A21C4D /* FaceGameViewController.swift */,
				B1183B1E1B71580200A21C4D /* FaceGameView.swift */,
			);
			name = "Face Game";
			sourceTree = "<group>";
		};
		B1183B2F1B71883000A21C4D /* Contacts */ = {
			isa = PBXGroup;
			children = (
				B1183B301B71884C00A21C4D /* ContactListViewController.swift */,
				B15FBB511B72D446001CC68F /* ContactListView.swift */,
				B15FBB531B72D5C1001CC68F /* ContactCell.swift */,
			);
			name = Contacts;
			sourceTree = "<group>";
		};
		B1183B321B71891C00A21C4D /* Today */ = {
			isa = PBXGroup;
			children = (
				B1183B331B71892B00A21C4D /* TodayViewController.swift */,
			);
			name = Today;
			sourceTree = "<group>";
		};
		B13901FA1B680EE2000C87BC = {
			isa = PBXGroup;
			children = (
				B1EA05271B7417AD00868BC2 /* README.md */,
				B13902051B680EE2000C87BC /* TCPal */,
				B139021C1B680EE3000C87BC /* TCPalTests */,
				B13902271B680EE3000C87BC /* TCPalUITests */,
				B13902041B680EE2000C87BC /* Products */,
				A9F02CE6BF4DD0978D64E1A4 /* Pods */,
				7C036350B5CD90532E80FD71 /* Frameworks */,
			);
			sourceTree = "<group>";
		};
		B13902041B680EE2000C87BC /* Products */ = {
			isa = PBXGroup;
			children = (
				B13902031B680EE2000C87BC /* TCPal.app */,
				B13902191B680EE3000C87BC /* TCPalTests.xctest */,
				B13902241B680EE3000C87BC /* TCPalUITests.xctest */,
			);
			name = Products;
			sourceTree = "<group>";
		};
		B13902051B680EE2000C87BC /* TCPal */ = {
			isa = PBXGroup;
			children = (
				B13902061B680EE2000C87BC /* AppDelegate.swift */,
				B1428DA91B6AE69700BE1B6D /* LoginViewController.swift */,
				B1183B321B71891C00A21C4D /* Today */,
				B10478411B75704800D6A032 /* Archive */,
				B1EA05221B7411BB00868BC2 /* Bingo */,
				B1183B2E1B71881400A21C4D /* Face Game */,
				B1183B2F1B71883000A21C4D /* Contacts */,
				B1183B1C1B71480200A21C4D /* Person.swift */,
				B1EA05281B74788D00868BC2 /* Track.swift */,
				B15FBB4A1B72D0F1001CC68F /* Sample Data */,
				B139020F1B680EE2000C87BC /* Assets.xcassets */,
				B13902111B680EE2000C87BC /* LaunchScreen.storyboard */,
				B13902141B680EE2000C87BC /* Info.plist */,
				B173B7EE1B6AA3EB00EBE602 /* GoogleService-Info.plist */,
				B173B7F01B6ABCD000EBE602 /* TCPal-Bridging-Header.h */,
				B1183B351B71988900A21C4D /* UtilityStagingGround.swift */,
			);
			path = TCPal;
			sourceTree = "<group>";
		};
		B139021C1B680EE3000C87BC /* TCPalTests */ = {
			isa = PBXGroup;
			children = (
				B139021D1B680EE3000C87BC /* TCPalTests.swift */,
				B139021F1B680EE3000C87BC /* Info.plist */,
			);
			path = TCPalTests;
			sourceTree = "<group>";
		};
		B13902271B680EE3000C87BC /* TCPalUITests */ = {
			isa = PBXGroup;
			children = (
				B13902281B680EE3000C87BC /* TCPalUITests.swift */,
				B139022A1B680EE3000C87BC /* Info.plist */,
			);
			path = TCPalUITests;
			sourceTree = "<group>";
		};
		B15FBB4A1B72D0F1001CC68F /* Sample Data */ = {
			isa = PBXGroup;
			children = (
				B15FBB4B1B72D116001CC68F /* tc-18.json */,
				B15FBB4D1B72D1D2001CC68F /* tc-17.json */,
				B15FBB4F1B72D1FE001CC68F /* tc-staff.json */,
			);
			name = "Sample Data";
			sourceTree = "<group>";
		};
		B1EA05221B7411BB00868BC2 /* Bingo */ = {
			isa = PBXGroup;
			children = (
				B1EA05201B7411B000868BC2 /* BingoBoardViewController.swift */,
				B1EA05231B74124700868BC2 /* BingoBoardView.swift */,
				B1EA05251B7412A000868BC2 /* BingoSquareControl.swift */,
				B1FA25F31B748F4E005131A8 /* BingoSquareView.swift */,
			);
			name = Bingo;
			sourceTree = "<group>";
		};
/* End PBXGroup section */

/* Begin PBXNativeTarget section */
		B13902021B680EE2000C87BC /* TCPal */ = {
			isa = PBXNativeTarget;
			buildConfigurationList = B139022D1B680EE3000C87BC /* Build configuration list for PBXNativeTarget "TCPal" */;
			buildPhases = (
				715302458B23578D2648522C /* Check Pods Manifest.lock */,
				B13901FF1B680EE2000C87BC /* Sources */,
				B13902001B680EE2000C87BC /* Frameworks */,
				B13902011B680EE2000C87BC /* Resources */,
				C9AC5C6ADA465CC90C03F329 /* Copy Pods Resources */,
				6E46C9C4C6CF3D858A86D9B8 /* Embed Pods Frameworks */,
			);
			buildRules = (
			);
			dependencies = (
			);
			name = TCPal;
			productName = TCPal;
			productReference = B13902031B680EE2000C87BC /* TCPal.app */;
			productType = "com.apple.product-type.application";
		};
		B13902181B680EE3000C87BC /* TCPalTests */ = {
			isa = PBXNativeTarget;
			buildConfigurationList = B13902301B680EE3000C87BC /* Build configuration list for PBXNativeTarget "TCPalTests" */;
			buildPhases = (
				B13902151B680EE3000C87BC /* Sources */,
				B13902161B680EE3000C87BC /* Frameworks */,
				B13902171B680EE3000C87BC /* Resources */,
			);
			buildRules = (
			);
			dependencies = (
				B139021B1B680EE3000C87BC /* PBXTargetDependency */,
			);
			name = TCPalTests;
			productName = TCPalTests;
			productReference = B13902191B680EE3000C87BC /* TCPalTests.xctest */;
			productType = "com.apple.product-type.bundle.unit-test";
		};
		B13902231B680EE3000C87BC /* TCPalUITests */ = {
			isa = PBXNativeTarget;
			buildConfigurationList = B13902331B680EE3000C87BC /* Build configuration list for PBXNativeTarget "TCPalUITests" */;
			buildPhases = (
				B13902201B680EE3000C87BC /* Sources */,
				B13902211B680EE3000C87BC /* Frameworks */,
				B13902221B680EE3000C87BC /* Resources */,
			);
			buildRules = (
			);
			dependencies = (
				B13902261B680EE3000C87BC /* PBXTargetDependency */,
			);
			name = TCPalUITests;
			productName = TCPalUITests;
			productReference = B13902241B680EE3000C87BC /* TCPalUITests.xctest */;
			productType = "com.apple.product-type.bundle.ui-testing";
		};
/* End PBXNativeTarget section */

/* Begin PBXProject section */
		B13901FB1B680EE2000C87BC /* Project object */ = {
			isa = PBXProject;
			attributes = {
				LastSwiftUpdateCheck = 0700;
				LastUpgradeCheck = 0700;
				ORGANIZATIONNAME = "Janardan Yri";
				TargetAttributes = {
					B13902021B680EE2000C87BC = {
						CreatedOnToolsVersion = 7.0;
					};
					B13902181B680EE3000C87BC = {
						CreatedOnToolsVersion = 7.0;
						TestTargetID = B13902021B680EE2000C87BC;
					};
					B13902231B680EE3000C87BC = {
						CreatedOnToolsVersion = 7.0;
						TestTargetID = B13902021B680EE2000C87BC;
					};
				};
			};
			buildConfigurationList = B13901FE1B680EE2000C87BC /* Build configuration list for PBXProject "TCPal" */;
			compatibilityVersion = "Xcode 3.2";
			developmentRegion = English;
			hasScannedForEncodings = 0;
			knownRegions = (
				en,
				Base,
			);
			mainGroup = B13901FA1B680EE2000C87BC;
			productRefGroup = B13902041B680EE2000C87BC /* Products */;
			projectDirPath = "";
			projectRoot = "";
			targets = (
				B13902021B680EE2000C87BC /* TCPal */,
				B13902181B680EE3000C87BC /* TCPalTests */,
				B13902231B680EE3000C87BC /* TCPalUITests */,
			);
		};
/* End PBXProject section */

/* Begin PBXResourcesBuildPhase section */
		B13902011B680EE2000C87BC /* Resources */ = {
			isa = PBXResourcesBuildPhase;
			buildActionMask = 2147483647;
			files = (
				B13902131B680EE2000C87BC /* LaunchScreen.storyboard in Resources */,
				B173B7EF1B6AA3EB00EBE602 /* GoogleService-Info.plist in Resources */,
				B1183B291B71666C00A21C4D /* FaceGameIntroViewController.xib in Resources */,
				B15FBB501B72D1FE001CC68F /* tc-staff.json in Resources */,
				B15FBB4C1B72D116001CC68F /* tc-18.json in Resources */,
				B15FBB4E1B72D1D2001CC68F /* tc-17.json in Resources */,
				B13902101B680EE2000C87BC /* Assets.xcassets in Resources */,
			);
			runOnlyForDeploymentPostprocessing = 0;
		};
		B13902171B680EE3000C87BC /* Resources */ = {
			isa = PBXResourcesBuildPhase;
			buildActionMask = 2147483647;
			files = (
			);
			runOnlyForDeploymentPostprocessing = 0;
		};
		B13902221B680EE3000C87BC /* Resources */ = {
			isa = PBXResourcesBuildPhase;
			buildActionMask = 2147483647;
			files = (
			);
			runOnlyForDeploymentPostprocessing = 0;
		};
/* End PBXResourcesBuildPhase section */

/* Begin PBXShellScriptBuildPhase section */
		6E46C9C4C6CF3D858A86D9B8 /* Embed Pods Frameworks */ = {
			isa = PBXShellScriptBuildPhase;
			buildActionMask = 2147483647;
			files = (
			);
			inputPaths = (
			);
			name = "Embed Pods Frameworks";
			outputPaths = (
			);
			runOnlyForDeploymentPostprocessing = 0;
			shellPath = /bin/sh;
			shellScript = "\"${SRCROOT}/Pods/Target Support Files/Pods-TCPal/Pods-TCPal-frameworks.sh\"\n";
			showEnvVarsInLog = 0;
		};
		715302458B23578D2648522C /* Check Pods Manifest.lock */ = {
			isa = PBXShellScriptBuildPhase;
			buildActionMask = 2147483647;
			files = (
			);
			inputPaths = (
			);
			name = "Check Pods Manifest.lock";
			outputPaths = (
			);
			runOnlyForDeploymentPostprocessing = 0;
			shellPath = /bin/sh;
			shellScript = "diff \"${PODS_ROOT}/../Podfile.lock\" \"${PODS_ROOT}/Manifest.lock\" > /dev/null\nif [[ $? != 0 ]] ; then\n    cat << EOM\nerror: The sandbox is not in sync with the Podfile.lock. Run 'pod install' or update your CocoaPods installation.\nEOM\n    exit 1\nfi\n";
			showEnvVarsInLog = 0;
		};
		C9AC5C6ADA465CC90C03F329 /* Copy Pods Resources */ = {
			isa = PBXShellScriptBuildPhase;
			buildActionMask = 2147483647;
			files = (
			);
			inputPaths = (
			);
			name = "Copy Pods Resources";
			outputPaths = (
			);
			runOnlyForDeploymentPostprocessing = 0;
			shellPath = /bin/sh;
			shellScript = "\"${SRCROOT}/Pods/Target Support Files/Pods-TCPal/Pods-TCPal-resources.sh\"\n";
			showEnvVarsInLog = 0;
		};
/* End PBXShellScriptBuildPhase section */

/* Begin PBXSourcesBuildPhase section */
		B13901FF1B680EE2000C87BC /* Sources */ = {
			isa = PBXSourcesBuildPhase;
			buildActionMask = 2147483647;
			files = (
				B1183B361B71988900A21C4D /* UtilityStagingGround.swift in Sources */,
				B1183B1B1B713A2700A21C4D /* FaceGameViewController.swift in Sources */,
				B19695851B7D07F1003288B0 /* ArchiveViewController.swift in Sources */,
				B1428DAA1B6AE69700BE1B6D /* LoginViewController.swift in Sources */,
				B1183B1D1B71480200A21C4D /* Person.swift in Sources */,
				B1EA05241B74124700868BC2 /* BingoBoardView.swift in Sources */,
				B1183B1F1B71580200A21C4D /* FaceGameView.swift in Sources */,
				B15FBB521B72D446001CC68F /* ContactListView.swift in Sources */,
				B1EA05261B7412A000868BC2 /* BingoSquareControl.swift in Sources */,
				B1EA05211B7411B000868BC2 /* BingoBoardViewController.swift in Sources */,
				B15FBB541B72D5C1001CC68F /* ContactCell.swift in Sources */,
				B1183B341B71892B00A21C4D /* TodayViewController.swift in Sources */,
				B1FA25F41B748F4E005131A8 /* BingoSquareView.swift in Sources */,
				B1183B281B71666C00A21C4D /* FaceGameIntroViewController.swift in Sources */,
				B1183B311B71884C00A21C4D /* ContactListViewController.swift in Sources */,
				B13902071B680EE2000C87BC /* AppDelegate.swift in Sources */,
				B1EA05291B74788D00868BC2 /* Track.swift in Sources */,
			);
			runOnlyForDeploymentPostprocessing = 0;
		};
		B13902151B680EE3000C87BC /* Sources */ = {
			isa = PBXSourcesBuildPhase;
			buildActionMask = 2147483647;
			files = (
				B139021E1B680EE3000C87BC /* TCPalTests.swift in Sources */,
			);
			runOnlyForDeploymentPostprocessing = 0;
		};
		B13902201B680EE3000C87BC /* Sources */ = {
			isa = PBXSourcesBuildPhase;
			buildActionMask = 2147483647;
			files = (
				B13902291B680EE3000C87BC /* TCPalUITests.swift in Sources */,
			);
			runOnlyForDeploymentPostprocessing = 0;
		};
/* End PBXSourcesBuildPhase section */

/* Begin PBXTargetDependency section */
		B139021B1B680EE3000C87BC /* PBXTargetDependency */ = {
			isa = PBXTargetDependency;
			target = B13902021B680EE2000C87BC /* TCPal */;
			targetProxy = B139021A1B680EE3000C87BC /* PBXContainerItemProxy */;
		};
		B13902261B680EE3000C87BC /* PBXTargetDependency */ = {
			isa = PBXTargetDependency;
			target = B13902021B680EE2000C87BC /* TCPal */;
			targetProxy = B13902251B680EE3000C87BC /* PBXContainerItemProxy */;
		};
/* End PBXTargetDependency section */

/* Begin PBXVariantGroup section */
		B13902111B680EE2000C87BC /* LaunchScreen.storyboard */ = {
			isa = PBXVariantGroup;
			children = (
				B13902121B680EE2000C87BC /* Base */,
			);
			name = LaunchScreen.storyboard;
			sourceTree = "<group>";
		};
/* End PBXVariantGroup section */

/* Begin XCBuildConfiguration section */
		B139022B1B680EE3000C87BC /* Debug */ = {
			isa = XCBuildConfiguration;
			buildSettings = {
				ALWAYS_SEARCH_USER_PATHS = NO;
				CLANG_CXX_LANGUAGE_STANDARD = "gnu++0x";
				CLANG_CXX_LIBRARY = "libc++";
				CLANG_ENABLE_MODULES = YES;
				CLANG_ENABLE_OBJC_ARC = YES;
				CLANG_WARN_BOOL_CONVERSION = YES;
				CLANG_WARN_CONSTANT_CONVERSION = YES;
				CLANG_WARN_DIRECT_OBJC_ISA_USAGE = YES_ERROR;
				CLANG_WARN_EMPTY_BODY = YES;
				CLANG_WARN_ENUM_CONVERSION = YES;
				CLANG_WARN_INT_CONVERSION = YES;
				CLANG_WARN_OBJC_ROOT_CLASS = YES_ERROR;
				CLANG_WARN_UNREACHABLE_CODE = YES;
				CLANG_WARN__DUPLICATE_METHOD_MATCH = YES;
				"CODE_SIGN_IDENTITY[sdk=iphoneos*]" = "iPhone Developer";
				COPY_PHASE_STRIP = NO;
				DEBUG_INFORMATION_FORMAT = dwarf;
				ENABLE_STRICT_OBJC_MSGSEND = YES;
				ENABLE_TESTABILITY = YES;
				GCC_C_LANGUAGE_STANDARD = gnu99;
				GCC_DYNAMIC_NO_PIC = NO;
				GCC_NO_COMMON_BLOCKS = YES;
				GCC_OPTIMIZATION_LEVEL = 0;
				GCC_PREPROCESSOR_DEFINITIONS = (
					"DEBUG=1",
					"$(inherited)",
				);
				GCC_WARN_64_TO_32_BIT_CONVERSION = YES;
				GCC_WARN_ABOUT_RETURN_TYPE = YES_ERROR;
				GCC_WARN_UNDECLARED_SELECTOR = YES;
				GCC_WARN_UNINITIALIZED_AUTOS = YES_AGGRESSIVE;
				GCC_WARN_UNUSED_FUNCTION = YES;
				GCC_WARN_UNUSED_VARIABLE = YES;
				IPHONEOS_DEPLOYMENT_TARGET = 9.0;
				MTL_ENABLE_DEBUG_INFO = YES;
				ONLY_ACTIVE_ARCH = YES;
				SDKROOT = iphoneos;
				SWIFT_OPTIMIZATION_LEVEL = "-Onone";
			};
			name = Debug;
		};
		B139022C1B680EE3000C87BC /* Release */ = {
			isa = XCBuildConfiguration;
			buildSettings = {
				ALWAYS_SEARCH_USER_PATHS = NO;
				CLANG_CXX_LANGUAGE_STANDARD = "gnu++0x";
				CLANG_CXX_LIBRARY = "libc++";
				CLANG_ENABLE_MODULES = YES;
				CLANG_ENABLE_OBJC_ARC = YES;
				CLANG_WARN_BOOL_CONVERSION = YES;
				CLANG_WARN_CONSTANT_CONVERSION = YES;
				CLANG_WARN_DIRECT_OBJC_ISA_USAGE = YES_ERROR;
				CLANG_WARN_EMPTY_BODY = YES;
				CLANG_WARN_ENUM_CONVERSION = YES;
				CLANG_WARN_INT_CONVERSION = YES;
				CLANG_WARN_OBJC_ROOT_CLASS = YES_ERROR;
				CLANG_WARN_UNREACHABLE_CODE = YES;
				CLANG_WARN__DUPLICATE_METHOD_MATCH = YES;
				"CODE_SIGN_IDENTITY[sdk=iphoneos*]" = "iPhone Developer";
				COPY_PHASE_STRIP = NO;
				DEBUG_INFORMATION_FORMAT = "dwarf-with-dsym";
				ENABLE_NS_ASSERTIONS = NO;
				ENABLE_STRICT_OBJC_MSGSEND = YES;
				GCC_C_LANGUAGE_STANDARD = gnu99;
				GCC_NO_COMMON_BLOCKS = YES;
				GCC_WARN_64_TO_32_BIT_CONVERSION = YES;
				GCC_WARN_ABOUT_RETURN_TYPE = YES_ERROR;
				GCC_WARN_UNDECLARED_SELECTOR = YES;
				GCC_WARN_UNINITIALIZED_AUTOS = YES_AGGRESSIVE;
				GCC_WARN_UNUSED_FUNCTION = YES;
				GCC_WARN_UNUSED_VARIABLE = YES;
				IPHONEOS_DEPLOYMENT_TARGET = 9.0;
				MTL_ENABLE_DEBUG_INFO = NO;
				SDKROOT = iphoneos;
				VALIDATE_PRODUCT = YES;
			};
			name = Release;
		};
		B139022E1B680EE3000C87BC /* Debug */ = {
			isa = XCBuildConfiguration;
			baseConfigurationReference = 748609A04847644AFA539435 /* Pods-TCPal.debug.xcconfig */;
			buildSettings = {
				ASSETCATALOG_COMPILER_APPICON_NAME = AppIcon;
				CLANG_ENABLE_MODULES = YES;
				ENABLE_BITCODE = NO;
				INFOPLIST_FILE = TCPal/Info.plist;
				IPHONEOS_DEPLOYMENT_TARGET = 8.0;
				LD_RUNPATH_SEARCH_PATHS = "$(inherited) @executable_path/Frameworks";
				PRODUCT_BUNDLE_IDENTIFIER = com.janardanyri.TCPal;
				PRODUCT_NAME = "$(TARGET_NAME)";
				SWIFT_OBJC_BRIDGING_HEADER = "TCPal/TCPal-Bridging-Header.h";
				SWIFT_OPTIMIZATION_LEVEL = "-Onone";
			};
			name = Debug;
		};
		B139022F1B680EE3000C87BC /* Release */ = {
			isa = XCBuildConfiguration;
			baseConfigurationReference = B1CC4DF468C3B7C9BC4DF0AE /* Pods-TCPal.release.xcconfig */;
			buildSettings = {
				ASSETCATALOG_COMPILER_APPICON_NAME = AppIcon;
				CLANG_ENABLE_MODULES = YES;
				ENABLE_BITCODE = NO;
				INFOPLIST_FILE = TCPal/Info.plist;
				IPHONEOS_DEPLOYMENT_TARGET = 8.0;
				LD_RUNPATH_SEARCH_PATHS = "$(inherited) @executable_path/Frameworks";
				PRODUCT_BUNDLE_IDENTIFIER = com.janardanyri.TCPal;
				PRODUCT_NAME = "$(TARGET_NAME)";
				SWIFT_OBJC_BRIDGING_HEADER = "TCPal/TCPal-Bridging-Header.h";
			};
			name = Release;
		};
		B13902311B680EE3000C87BC /* Debug */ = {
			isa = XCBuildConfiguration;
			buildSettings = {
				BUNDLE_LOADER = "$(TEST_HOST)";
				INFOPLIST_FILE = TCPalTests/Info.plist;
				LD_RUNPATH_SEARCH_PATHS = "$(inherited) @executable_path/Frameworks @loader_path/Frameworks";
				PRODUCT_BUNDLE_IDENTIFIER = com.janardanyri.TCPalTests;
				PRODUCT_NAME = "$(TARGET_NAME)";
				TEST_HOST = "$(BUILT_PRODUCTS_DIR)/TCPal.app/TCPal";
			};
			name = Debug;
		};
		B13902321B680EE3000C87BC /* Release */ = {
			isa = XCBuildConfiguration;
			buildSettings = {
				BUNDLE_LOADER = "$(TEST_HOST)";
				INFOPLIST_FILE = TCPalTests/Info.plist;
				LD_RUNPATH_SEARCH_PATHS = "$(inherited) @executable_path/Frameworks @loader_path/Frameworks";
				PRODUCT_BUNDLE_IDENTIFIER = com.janardanyri.TCPalTests;
				PRODUCT_NAME = "$(TARGET_NAME)";
				TEST_HOST = "$(BUILT_PRODUCTS_DIR)/TCPal.app/TCPal";
			};
			name = Release;
		};
		B13902341B680EE3000C87BC /* Debug */ = {
			isa = XCBuildConfiguration;
			buildSettings = {
				INFOPLIST_FILE = TCPalUITests/Info.plist;
				LD_RUNPATH_SEARCH_PATHS = "$(inherited) @executable_path/Frameworks @loader_path/Frameworks";
				PRODUCT_BUNDLE_IDENTIFIER = com.janardanyri.TCPalUITests;
				PRODUCT_NAME = "$(TARGET_NAME)";
				TEST_TARGET_NAME = TCPal;
				USES_XCTRUNNER = YES;
			};
			name = Debug;
		};
		B13902351B680EE3000C87BC /* Release */ = {
			isa = XCBuildConfiguration;
			buildSettings = {
				INFOPLIST_FILE = TCPalUITests/Info.plist;
				LD_RUNPATH_SEARCH_PATHS = "$(inherited) @executable_path/Frameworks @loader_path/Frameworks";
				PRODUCT_BUNDLE_IDENTIFIER = com.janardanyri.TCPalUITests;
				PRODUCT_NAME = "$(TARGET_NAME)";
				TEST_TARGET_NAME = TCPal;
				USES_XCTRUNNER = YES;
			};
			name = Release;
		};
/* End XCBuildConfiguration section */

/* Begin XCConfigurationList section */
		B13901FE1B680EE2000C87BC /* Build configuration list for PBXProject "TCPal" */ = {
			isa = XCConfigurationList;
			buildConfigurations = (
				B139022B1B680EE3000C87BC /* Debug */,
				B139022C1B680EE3000C87BC /* Release */,
			);
			defaultConfigurationIsVisible = 0;
			defaultConfigurationName = Release;
		};
		B139022D1B680EE3000C87BC /* Build configuration list for PBXNativeTarget "TCPal" */ = {
			isa = XCConfigurationList;
			buildConfigurations = (
				B139022E1B680EE3000C87BC /* Debug */,
				B139022F1B680EE3000C87BC /* Release */,
			);
			defaultConfigurationIsVisible = 0;
			defaultConfigurationName = Release;
		};
		B13902301B680EE3000C87BC /* Build configuration list for PBXNativeTarget "TCPalTests" */ = {
			isa = XCConfigurationList;
			buildConfigurations = (
				B13902311B680EE3000C87BC /* Debug */,
				B13902321B680EE3000C87BC /* Release */,
			);
			defaultConfigurationIsVisible = 0;
			defaultConfigurationName = Release;
		};
		B13902331B680EE3000C87BC /* Build configuration list for PBXNativeTarget "TCPalUITests" */ = {
			isa = XCConfigurationList;
			buildConfigurations = (
				B13902341B680EE3000C87BC /* Debug */,
				B13902351B680EE3000C87BC /* Release */,
			);
			defaultConfigurationIsVisible = 0;
			defaultConfigurationName = Release;
		};
/* End XCConfigurationList section */
	};
	rootObject = B13901FB1B680EE2000C87BC /* Project object */;
}
